{
  "R": {
    "Version": "4.2.0",
    "Repositories": [
      {
        "Name": "CRAN",
        "URL": "https://cran.rstudio.com"
      }
    ]
  },
  "Packages": {
    "Matrix": {
      "Package": "Matrix",
      "Version": "1.4-1",
      "Source": "Repository",
      "Repository": "CRAN",
      "Hash": "699c47c606293bdfbc9fd78a93c9c8fe",
      "Requirements": [
        "lattice"
      ]
    },
    "codetools": {
      "Package": "codetools",
      "Version": "0.2-18",
      "Source": "Repository",
      "Repository": "CRAN",
      "Hash": "019388fc48e48b3da0d3a76ff94608a8",
      "Requirements": []
    },
    "ellipsis": {
      "Package": "ellipsis",
      "Version": "0.3.2",
      "Source": "Repository",
      "Repository": "CRAN",
      "Hash": "bb0eec2fe32e88d9e2836c2f73ea2077",
      "Requirements": [
        "rlang"
      ]
    },
    "lattice": {
      "Package": "lattice",
      "Version": "0.20-45",
      "Source": "Repository",
      "Repository": "CRAN",
      "Hash": "b64cdbb2b340437c4ee047a1f4c4377b",
      "Requirements": []
    },
    "nlme": {
      "Package": "nlme",
      "Version": "3.1-157",
      "Source": "Repository",
      "Repository": "CRAN",
      "Hash": "dbca60742be0c9eddc5205e5c7ca1f44",
      "Requirements": [
        "lattice"
      ]
    },
    "renv": {
      "Package": "renv",
      "Version": "0.15.5",
      "Source": "Repository",
      "Repository": "CRAN",
      "Hash": "6a38294e7d12f5d8e656b08c5bd8ae34",
      "Requirements": []
    },
    "rlang": {
      "Package": "rlang",
      "Version": "1.0.5",
      "Source": "Repository",
      "Repository": "CRAN",
      "Hash": "971c3d698fc06dabdac6bc4bcda72dc4",
      "Requirements": []
    },
    "survival": {
      "Package": "survival",
      "Version": "3.3-1",
      "Source": "Repository",
      "Repository": "CRAN",
      "Hash": "f6189c70451d3d68e0d571235576e833",
      "Requirements": [
        "Matrix"
      ]
    }
  }
}
